
Microsoft Visual Studio Solution File, Format Version 12.00
# Visual Studio Version 16
VisualStudioVersion = 16.0.29709.97
MinimumVisualStudioVersion = 10.0.40219.1
Project("{FAE04EC0-301F-11D3-BF4B-00C04F79EFBC}") = "WPF_RadialGauge", "WPF_RadialGauge\WPF_RadialGauge.csproj", "{83773D50-5C50-4E62-81A0-F8C57EF5999F}"
EndProject
Global
	GlobalSection(SolutionConfigurationPlatforms) = preSolution
		Debug|Any CPU = Debug|Any CPU
		Release|Any CPU = Release|Any CPU
	EndGlobalSection
	GlobalSection(ProjectConfigurationPlatforms) = postSolution
		{83773D50-5C50-4E62-81A0-F8C57EF5999F}.Debug|Any CPU.ActiveCfg = Debug|Any CPU
		{83773D50-5C50-4E62-81A0-F8C57EF5999F}.Debug|Any CPU.Build.0 = Debug|Any CPU
		{83773D50-5C50-4E62-81A0-F8C57EF5999F}.Release|Any CPU.ActiveCfg = Release|Any CPU
		{83773D50-5C50-4E62-81A0-F8C57EF5999F}.Release|Any CPU.Build.0 = Release|Any CPU
	EndGlobalSection
	GlobalSection(SolutionProperties) = preSolution
		HideSolutionNode = FALSE
	EndGlobalSection
	GlobalSection(ExtensibilityGlobals) = postSolution
		SolutionGuid = {AEA63C13-3F17-4E9B-88BD-31793C962950}
	EndGlobalSection
EndGlobal
